// !$*UTF8*$!
{
	archiveVersion = 1;
	classes = {
	};
	objectVersion = 50;
	objects = {

/* Begin PBXBuildFile section */
		C70ED6D221D767DB00DA7D30 /* AppDelegate.swift in Sources */ = {isa = PBXBuildFile; fileRef = C70ED6D121D767DB00DA7D30 /* AppDelegate.swift */; };
		C70ED6D421D767DB00DA7D30 /* IntroductionViewController.swift in Sources */ = {isa = PBXBuildFile; fileRef = C70ED6D321D767DB00DA7D30 /* IntroductionViewController.swift */; };
		C70ED6D721D767DB00DA7D30 /* Main.storyboard in Resources */ = {isa = PBXBuildFile; fileRef = C70ED6D521D767DB00DA7D30 /* Main.storyboard */; };
		C70ED6D921D767DD00DA7D30 /* Assets.xcassets in Resources */ = {isa = PBXBuildFile; fileRef = C70ED6D821D767DD00DA7D30 /* Assets.xcassets */; };
		C70ED6DC21D767DD00DA7D30 /* LaunchScreen.storyboard in Resources */ = {isa = PBXBuildFile; fileRef = C70ED6DA21D767DD00DA7D30 /* LaunchScreen.storyboard */; };
		C70ED6E421D76DCE00DA7D30 /* QuestionViewController.swift in Sources */ = {isa = PBXBuildFile; fileRef = C70ED6E321D76DCE00DA7D30 /* QuestionViewController.swift */; };
		C70ED6E621D76DE900DA7D30 /* ResultsViewController.swift in Sources */ = {isa = PBXBuildFile; fileRef = C70ED6E521D76DE900DA7D30 /* ResultsViewController.swift */; };
		C70ED6EE21D7C9D600DA7D30 /* Question.swift in Sources */ = {isa = PBXBuildFile; fileRef = C70ED6ED21D7C9D600DA7D30 /* Question.swift */; };
		C7D07D8B21D807180037B05C /* QuestionTableViewController.swift in Sources */ = {isa = PBXBuildFile; fileRef = C7D07D8A21D807180037B05C /* QuestionTableViewController.swift */; };
		C7D07D8D21D816E30037B05C /* QuestionTableViewCell.swift in Sources */ = {isa = PBXBuildFile; fileRef = C7D07D8C21D816E30037B05C /* QuestionTableViewCell.swift */; };
		C7D07D9021D8AAB80037B05C /* NetworkController.swift in Sources */ = {isa = PBXBuildFile; fileRef = C7D07D8F21D8AAB80037B05C /* NetworkController.swift */; };
		C7D07D9221D8C2E90037B05C /* NumberAPIViewController.swift in Sources */ = {isa = PBXBuildFile; fileRef = C7D07D9121D8C2E90037B05C /* NumberAPIViewController.swift */; };
		C7D07D9421D8F1B90037B05C /* AddQuestionTableViewController.swift in Sources */ = {isa = PBXBuildFile; fileRef = C7D07D9321D8F1B90037B05C /* AddQuestionTableViewController.swift */; };
/* End PBXBuildFile section */

/* Begin PBXFileReference section */
		C70ED6CE21D767DB00DA7D30 /* HogentProject.app */ = {isa = PBXFileReference; explicitFileType = wrapper.application; includeInIndex = 0; path = HogentProject.app; sourceTree = BUILT_PRODUCTS_DIR; };
		C70ED6D121D767DB00DA7D30 /* AppDelegate.swift */ = {isa = PBXFileReference; lastKnownFileType = sourcecode.swift; path = AppDelegate.swift; sourceTree = "<group>"; };
		C70ED6D321D767DB00DA7D30 /* IntroductionViewController.swift */ = {isa = PBXFileReference; lastKnownFileType = sourcecode.swift; path = IntroductionViewController.swift; sourceTree = "<group>"; };
		C70ED6D621D767DB00DA7D30 /* Base */ = {isa = PBXFileReference; lastKnownFileType = file.storyboard; name = Base; path = Base.lproj/Main.storyboard; sourceTree = "<group>"; };
		C70ED6D821D767DD00DA7D30 /* Assets.xcassets */ = {isa = PBXFileReference; lastKnownFileType = folder.assetcatalog; path = Assets.xcassets; sourceTree = "<group>"; };
		C70ED6DB21D767DD00DA7D30 /* Base */ = {isa = PBXFileReference; lastKnownFileType = file.storyboard; name = Base; path = Base.lproj/LaunchScreen.storyboard; sourceTree = "<group>"; };
		C70ED6DD21D767DD00DA7D30 /* Info.plist */ = {isa = PBXFileReference; lastKnownFileType = text.plist.xml; path = Info.plist; sourceTree = "<group>"; };
		C70ED6E321D76DCE00DA7D30 /* QuestionViewController.swift */ = {isa = PBXFileReference; lastKnownFileType = sourcecode.swift; path = QuestionViewController.swift; sourceTree = "<group>"; };
		C70ED6E521D76DE900DA7D30 /* ResultsViewController.swift */ = {isa = PBXFileReference; lastKnownFileType = sourcecode.swift; path = ResultsViewController.swift; sourceTree = "<group>"; };
		C70ED6ED21D7C9D600DA7D30 /* Question.swift */ = {isa = PBXFileReference; lastKnownFileType = sourcecode.swift; path = Question.swift; sourceTree = "<group>"; };
		C7D07D8A21D807180037B05C /* QuestionTableViewController.swift */ = {isa = PBXFileReference; lastKnownFileType = sourcecode.swift; name = QuestionTableViewController.swift; path = ../QuestionTableViewController.swift; sourceTree = "<group>"; };
		C7D07D8C21D816E30037B05C /* QuestionTableViewCell.swift */ = {isa = PBXFileReference; lastKnownFileType = sourcecode.swift; path = QuestionTableViewCell.swift; sourceTree = "<group>"; };
		C7D07D8F21D8AAB80037B05C /* NetworkController.swift */ = {isa = PBXFileReference; lastKnownFileType = sourcecode.swift; path = NetworkController.swift; sourceTree = "<group>"; };
		C7D07D9121D8C2E90037B05C /* NumberAPIViewController.swift */ = {isa = PBXFileReference; lastKnownFileType = sourcecode.swift; path = NumberAPIViewController.swift; sourceTree = "<group>"; };
		C7D07D9321D8F1B90037B05C /* AddQuestionTableViewController.swift */ = {isa = PBXFileReference; lastKnownFileType = sourcecode.swift; path = AddQuestionTableViewController.swift; sourceTree = "<group>"; };
/* End PBXFileReference section */

/* Begin PBXFrameworksBuildPhase section */
		C70ED6CB21D767DB00DA7D30 /* Frameworks */ = {
			isa = PBXFrameworksBuildPhase;
			buildActionMask = 2147483647;
			files = (
			);
			runOnlyForDeploymentPostprocessing = 0;
		};
/* End PBXFrameworksBuildPhase section */

/* Begin PBXGroup section */
		C70ED6C521D767DB00DA7D30 = {
			isa = PBXGroup;
			children = (
				C7D07D8E21D816F90037B05C /* Misc */,
				C7D07D8721D7F7AC0037B05C /* Other Controllers */,
				C70ED6D821D767DD00DA7D30 /* Assets.xcassets */,
				C70ED6EC21D7C9A800DA7D30 /* View Controllers */,
				C70ED6EB21D7C98400DA7D30 /* Model */,
				C70ED6D021D767DB00DA7D30 /* HogentProject */,
				C70ED6CF21D767DB00DA7D30 /* Products */,
			);
			sourceTree = "<group>";
		};
		C70ED6CF21D767DB00DA7D30 /* Products */ = {
			isa = PBXGroup;
			children = (
				C70ED6CE21D767DB00DA7D30 /* HogentProject.app */,
			);
			name = Products;
			sourceTree = "<group>";
		};
		C70ED6D021D767DB00DA7D30 /* HogentProject */ = {
			isa = PBXGroup;
			children = (
				C70ED6D121D767DB00DA7D30 /* AppDelegate.swift */,
				C70ED6D521D767DB00DA7D30 /* Main.storyboard */,
				C70ED6DD21D767DD00DA7D30 /* Info.plist */,
				C70ED6DA21D767DD00DA7D30 /* LaunchScreen.storyboard */,
			);
			path = HogentProject;
			sourceTree = "<group>";
		};
		C70ED6EB21D7C98400DA7D30 /* Model */ = {
			isa = PBXGroup;
			children = (
				C70ED6ED21D7C9D600DA7D30 /* Question.swift */,
			);
			path = Model;
			sourceTree = "<group>";
		};
		C70ED6EC21D7C9A800DA7D30 /* View Controllers */ = {
			isa = PBXGroup;
			children = (
				C70ED6E321D76DCE00DA7D30 /* QuestionViewController.swift */,
				C70ED6D321D767DB00DA7D30 /* IntroductionViewController.swift */,
				C70ED6E521D76DE900DA7D30 /* ResultsViewController.swift */,
				C7D07D8A21D807180037B05C /* QuestionTableViewController.swift */,
				C7D07D9121D8C2E90037B05C /* NumberAPIViewController.swift */,
				C7D07D9321D8F1B90037B05C /* AddQuestionTableViewController.swift */,
			);
			path = "View Controllers";
			sourceTree = "<group>";
		};
		C7D07D8721D7F7AC0037B05C /* Other Controllers */ = {
			isa = PBXGroup;
			children = (
				C7D07D8F21D8AAB80037B05C /* NetworkController.swift */,
			);
			path = "Other Controllers";
			sourceTree = "<group>";
		};
		C7D07D8E21D816F90037B05C /* Misc */ = {
			isa = PBXGroup;
			children = (
				C7D07D8C21D816E30037B05C /* QuestionTableViewCell.swift */,
			);
			path = Misc;
			sourceTree = "<group>";
		};
/* End PBXGroup section */

/* Begin PBXNativeTarget section */
		C70ED6CD21D767DB00DA7D30 /* HogentProject */ = {
			isa = PBXNativeTarget;
			buildConfigurationList = C70ED6E021D767DD00DA7D30 /* Build configuration list for PBXNativeTarget "HogentProject" */;
			buildPhases = (
				C70ED6CA21D767DB00DA7D30 /* Sources */,
				C70ED6CB21D767DB00DA7D30 /* Frameworks */,
				C70ED6CC21D767DB00DA7D30 /* Resources */,
			);
			buildRules = (
			);
			dependencies = (
			);
			name = HogentProject;
			productName = HogentProject;
			productReference = C70ED6CE21D767DB00DA7D30 /* HogentProject.app */;
			productType = "com.apple.product-type.application";
		};
/* End PBXNativeTarget section */

/* Begin PBXProject section */
		C70ED6C621D767DB00DA7D30 /* Project object */ = {
			isa = PBXProject;
			attributes = {
				LastSwiftUpdateCheck = 1010;
				LastUpgradeCheck = 1010;
				ORGANIZATIONNAME = "Tim Schotte";
				TargetAttributes = {
					C70ED6CD21D767DB00DA7D30 = {
						CreatedOnToolsVersion = 10.1;
					};
				};
			};
			buildConfigurationList = C70ED6C921D767DB00DA7D30 /* Build configuration list for PBXProject "HogentProject" */;
			compatibilityVersion = "Xcode 9.3";
			developmentRegion = en;
			hasScannedForEncodings = 0;
			knownRegions = (
				en,
				Base,
			);
			mainGroup = C70ED6C521D767DB00DA7D30;
			productRefGroup = C70ED6CF21D767DB00DA7D30 /* Products */;
			projectDirPath = "";
			projectRoot = "";
			targets = (
				C70ED6CD21D767DB00DA7D30 /* HogentProject */,
			);
		};
/* End PBXProject section */

/* Begin PBXResourcesBuildPhase section */
		C70ED6CC21D767DB00DA7D30 /* Resources */ = {
			isa = PBXResourcesBuildPhase;
			buildActionMask = 2147483647;
			files = (
				C70ED6DC21D767DD00DA7D30 /* LaunchScreen.storyboard in Resources */,
				C70ED6D921D767DD00DA7D30 /* Assets.xcassets in Resources */,
				C70ED6D721D767DB00DA7D30 /* Main.storyboard in Resources */,
			);
			runOnlyForDeploymentPostprocessing = 0;
		};
/* End PBXResourcesBuildPhase section */

/* Begin PBXSourcesBuildPhase section */
		C70ED6CA21D767DB00DA7D30 /* Sources */ = {
			isa = PBXSourcesBuildPhase;
			buildActionMask = 2147483647;
			files = (
				C70ED6D421D767DB00DA7D30 /* IntroductionViewController.swift in Sources */,
				C7D07D8B21D807180037B05C /* QuestionTableViewController.swift in Sources */,
				C70ED6D221D767DB00DA7D30 /* AppDelegate.swift in Sources */,
				C7D07D9421D8F1B90037B05C /* AddQuestionTableViewController.swift in Sources */,
				C70ED6EE21D7C9D600DA7D30 /* Question.swift in Sources */,
				C7D07D8D21D816E30037B05C /* QuestionTableViewCell.swift in Sources */,
				C70ED6E421D76DCE00DA7D30 /* QuestionViewController.swift in Sources */,
				C7D07D9221D8C2E90037B05C /* NumberAPIViewController.swift in Sources */,
				C70ED6E621D76DE900DA7D30 /* ResultsViewController.swift in Sources */,
				C7D07D9021D8AAB80037B05C /* NetworkController.swift in Sources */,
			);
			runOnlyForDeploymentPostprocessing = 0;
		};
/* End PBXSourcesBuildPhase section */

/* Begin PBXVariantGroup section */
		C70ED6D521D767DB00DA7D30 /* Main.storyboard */ = {
			isa = PBXVariantGroup;
			children = (
				C70ED6D621D767DB00DA7D30 /* Base */,
			);
			name = Main.storyboard;
			sourceTree = "<group>";
		};
		C70ED6DA21D767DD00DA7D30 /* LaunchScreen.storyboard */ = {
			isa = PBXVariantGroup;
			children = (
				C70ED6DB21D767DD00DA7D30 /* Base */,
			);
			name = LaunchScreen.storyboard;
			sourceTree = "<group>";
		};
/* End PBXVariantGroup section */

/* Begin XCBuildConfiguration section */
		C70ED6DE21D767DD00DA7D30 /* Debug */ = {
			isa = XCBuildConfiguration;
			buildSettings = {
				ALWAYS_SEARCH_USER_PATHS = NO;
				CLANG_ANALYZER_NONNULL = YES;
				CLANG_ANALYZER_NUMBER_OBJECT_CONVERSION = YES_AGGRESSIVE;
				CLANG_CXX_LANGUAGE_STANDARD = "gnu++14";
				CLANG_CXX_LIBRARY = "libc++";
				CLANG_ENABLE_MODULES = YES;
				CLANG_ENABLE_OBJC_ARC = YES;
				CLANG_ENABLE_OBJC_WEAK = YES;
				CLANG_WARN_BLOCK_CAPTURE_AUTORELEASING = YES;
				CLANG_WARN_BOOL_CONVERSION = YES;
				CLANG_WARN_COMMA = YES;
				CLANG_WARN_CONSTANT_CONVERSION = YES;
				CLANG_WARN_DEPRECATED_OBJC_IMPLEMENTATIONS = YES;
				CLANG_WARN_DIRECT_OBJC_ISA_USAGE = YES_ERROR;
				CLANG_WARN_DOCUMENTATION_COMMENTS = YES;
				CLANG_WARN_EMPTY_BODY = YES;
				CLANG_WARN_ENUM_CONVERSION = YES;
				CLANG_WARN_INFINITE_RECURSION = YES;
				CLANG_WARN_INT_CONVERSION = YES;
				CLANG_WARN_NON_LITERAL_NULL_CONVERSION = YES;
				CLANG_WARN_OBJC_IMPLICIT_RETAIN_SELF = YES;
				CLANG_WARN_OBJC_LITERAL_CONVERSION = YES;
				CLANG_WARN_OBJC_ROOT_CLASS = YES_ERROR;
				CLANG_WARN_RANGE_LOOP_ANALYSIS = YES;
				CLANG_WARN_STRICT_PROTOTYPES = YES;
				CLANG_WARN_SUSPICIOUS_MOVE = YES;
				CLANG_WARN_UNGUARDED_AVAILABILITY = YES_AGGRESSIVE;
				CLANG_WARN_UNREACHABLE_CODE = YES;
				CLANG_WARN__DUPLICATE_METHOD_MATCH = YES;
				CODE_SIGN_IDENTITY = "iPhone Developer";
				COPY_PHASE_STRIP = NO;
				DEBUG_INFORMATION_FORMAT = dwarf;
				ENABLE_STRICT_OBJC_MSGSEND = YES;
				ENABLE_TESTABILITY = YES;
				GCC_C_LANGUAGE_STANDARD = gnu11;
				GCC_DYNAMIC_NO_PIC = NO;
				GCC_NO_COMMON_BLOCKS = YES;
				GCC_OPTIMIZATION_LEVEL = 0;
				GCC_PREPROCESSOR_DEFINITIONS = (
					"DEBUG=1",
					"$(inherited)",
				);
				GCC_WARN_64_TO_32_BIT_CONVERSION = YES;
				GCC_WARN_ABOUT_RETURN_TYPE = YES_ERROR;
				GCC_WARN_UNDECLARED_SELECTOR = YES;
				GCC_WARN_UNINITIALIZED_AUTOS = YES_AGGRESSIVE;
				GCC_WARN_UNUSED_FUNCTION = YES;
				GCC_WARN_UNUSED_VARIABLE = YES;
				IPHONEOS_DEPLOYMENT_TARGET = 12.1;
				MTL_ENABLE_DEBUG_INFO = INCLUDE_SOURCE;
				MTL_FAST_MATH = YES;
				ONLY_ACTIVE_ARCH = YES;
				SDKROOT = iphoneos;
				SWIFT_ACTIVE_COMPILATION_CONDITIONS = DEBUG;
				SWIFT_OPTIMIZATION_LEVEL = "-Onone";
			};
			name = Debug;
		};
		C70ED6DF21D767DD00DA7D30 /* Release */ = {
			isa = XCBuildConfiguration;
			buildSettings = {
				ALWAYS_SEARCH_USER_PATHS = NO;
				CLANG_ANALYZER_NONNULL = YES;
				CLANG_ANALYZER_NUMBER_OBJECT_CONVERSION = YES_AGGRESSIVE;
				CLANG_CXX_LANGUAGE_STANDARD = "gnu++14";
				CLANG_CXX_LIBRARY = "libc++";
				CLANG_ENABLE_MODULES = YES;
				CLANG_ENABLE_OBJC_ARC = YES;
				CLANG_ENABLE_OBJC_WEAK = YES;
				CLANG_WARN_BLOCK_CAPTURE_AUTORELEASING = YES;
				CLANG_WARN_BOOL_CONVERSION = YES;
				CLANG_WARN_COMMA = YES;
				CLANG_WARN_CONSTANT_CONVERSION = YES;
				CLANG_WARN_DEPRECATED_OBJC_IMPLEMENTATIONS = YES;
				CLANG_WARN_DIRECT_OBJC_ISA_USAGE = YES_ERROR;
				CLANG_WARN_DOCUMENTATION_COMMENTS = YES;
				CLANG_WARN_EMPTY_BODY = YES;
				CLANG_WARN_ENUM_CONVERSION = YES;
				CLANG_WARN_INFINITE_RECURSION = YES;
				CLANG_WARN_INT_CONVERSION = YES;
				CLANG_WARN_NON_LITERAL_NULL_CONVERSION = YES;
				CLANG_WARN_OBJC_IMPLICIT_RETAIN_SELF = YES;
				CLANG_WARN_OBJC_LITERAL_CONVERSION = YES;
				CLANG_WARN_OBJC_ROOT_CLASS = YES_ERROR;
				CLANG_WARN_RANGE_LOOP_ANALYSIS = YES;
				CLANG_WARN_STRICT_PROTOTYPES = YES;
				CLANG_WARN_SUSPICIOUS_MOVE = YES;
				CLANG_WARN_UNGUARDED_AVAILABILITY = YES_AGGRESSIVE;
				CLANG_WARN_UNREACHABLE_CODE = YES;
				CLANG_WARN__DUPLICATE_METHOD_MATCH = YES;
				CODE_SIGN_IDENTITY = "iPhone Developer";
				COPY_PHASE_STRIP = NO;
				DEBUG_INFORMATION_FORMAT = "dwarf-with-dsym";
				ENABLE_NS_ASSERTIONS = NO;
				ENABLE_STRICT_OBJC_MSGSEND = YES;
				GCC_C_LANGUAGE_STANDARD = gnu11;
				GCC_NO_COMMON_BLOCKS = YES;
				GCC_WARN_64_TO_32_BIT_CONVERSION = YES;
				GCC_WARN_ABOUT_RETURN_TYPE = YES_ERROR;
				GCC_WARN_UNDECLARED_SELECTOR = YES;
				GCC_WARN_UNINITIALIZED_AUTOS = YES_AGGRESSIVE;
				GCC_WARN_UNUSED_FUNCTION = YES;
				GCC_WARN_UNUSED_VARIABLE = YES;
				IPHONEOS_DEPLOYMENT_TARGET = 12.1;
				MTL_ENABLE_DEBUG_INFO = NO;
				MTL_FAST_MATH = YES;
				SDKROOT = iphoneos;
				SWIFT_COMPILATION_MODE = wholemodule;
				SWIFT_OPTIMIZATION_LEVEL = "-O";
				VALIDATE_PRODUCT = YES;
			};
			name = Release;
		};
		C70ED6E121D767DD00DA7D30 /* Debug */ = {
			isa = XCBuildConfiguration;
			buildSettings = {
				ASSETCATALOG_COMPILER_APPICON_NAME = AppIcon;
				CODE_SIGN_STYLE = Automatic;
				INFOPLIST_FILE = HogentProject/Info.plist;
				LD_RUNPATH_SEARCH_PATHS = (
					"$(inherited)",
					"@executable_path/Frameworks",
				);
				PRODUCT_BUNDLE_IDENTIFIER = com.example.HogentProject;
				PRODUCT_NAME = "$(TARGET_NAME)";
				SWIFT_VERSION = 4.2;
				TARGETED_DEVICE_FAMILY = "1,2";
			};
			name = Debug;
		};
		C70ED6E221D767DD00DA7D30 /* Release */ = {
			isa = XCBuildConfiguration;
			buildSettings = {
				ASSETCATALOG_COMPILER_APPICON_NAME = AppIcon;
				CODE_SIGN_STYLE = Automatic;
				INFOPLIST_FILE = HogentProject/Info.plist;
				LD_RUNPATH_SEARCH_PATHS = (
					"$(inherited)",
					"@executable_path/Frameworks",
				);
				PRODUCT_BUNDLE_IDENTIFIER = com.example.HogentProject;
				PRODUCT_NAME = "$(TARGET_NAME)";
				SWIFT_VERSION = 4.2;
				TARGETED_DEVICE_FAMILY = "1,2";
			};
			name = Release;
		};
/* End XCBuildConfiguration section */

/* Begin XCConfigurationList section */
		C70ED6C921D767DB00DA7D30 /* Build configuration list for PBXProject "HogentProject" */ = {
			isa = XCConfigurationList;
			buildConfigurations = (
				C70ED6DE21D767DD00DA7D30 /* Debug */,
				C70ED6DF21D767DD00DA7D30 /* Release */,
			);
			defaultConfigurationIsVisible = 0;
			defaultConfigurationName = Release;
		};
		C70ED6E021D767DD00DA7D30 /* Build configuration list for PBXNativeTarget "HogentProject" */ = {
			isa = XCConfigurationList;
			buildConfigurations = (
				C70ED6E121D767DD00DA7D30 /* Debug */,
				C70ED6E221D767DD00DA7D30 /* Release */,
			);
			defaultConfigurationIsVisible = 0;
			defaultConfigurationName = Release;
		};
/* End XCConfigurationList section */
	};
	rootObject = C70ED6C621D767DB00DA7D30 /* Project object */;
}
